
Microsoft Visual Studio Solution File, Format Version 12.00
# Visual Studio Version 17
VisualStudioVersion = 17.6.33829.357
MinimumVisualStudioVersion = 10.0.40219.1
Project("{9A19103F-16F7-4668-BE54-9A1E7A4F7556}") = "Practice_15.1", "Practice_15.1\Practice_15.1.csproj", "{318A259B-AC57-482B-B502-B90F9B8BEBBD}"
EndProject
Project("{9A19103F-16F7-4668-BE54-9A1E7A4F7556}") = "Practice_15.2", "Practice_15.2\Practice_15.2.csproj", "{13D055A8-1E97-41DE-B795-87F57443995C}"
EndProject
Project("{9A19103F-16F7-4668-BE54-9A1E7A4F7556}") = "Practice_15.3", "Practice_15.3\Practice_15.3.csproj", "{E568DC86-ED70-4BA2-BC36-26C85DB45949}"
EndProject
Project("{9A19103F-16F7-4668-BE54-9A1E7A4F7556}") = "Practice_Test_01", "Practice_Test_01\Practice_Test_01.csproj", "{E01CF2BA-0809-484C-BBF0-1B206AA0C89A}"
EndProject
Project("{9A19103F-16F7-4668-BE54-9A1E7A4F7556}") = "Practice_15.6", "Practice_15.6\Practice_15.6.csproj", "{AFA685E6-7F59-4230-A4E5-4C15BF7D369A}"
EndProject
Project("{9A19103F-16F7-4668-BE54-9A1E7A4F7556}") = "Practice_15.9", "Practice_15.9\Practice_15.9.csproj", "{044F4AE6-86B2-4822-9C8F-ACE0EBD06BEE}"
EndProject
Project("{2150E333-8FDC-42A3-9474-1A3956D46DE8}") = "Solution Items", "Solution Items", "{30EE5183-A2F9-4FE4-ADB6-58B2D46B3464}"
	ProjectSection(SolutionItems) = preProject
		.editorconfig = .editorconfig
	EndProjectSection
EndProject
Project("{9A19103F-16F7-4668-BE54-9A1E7A4F7556}") = "Practice_15.10", "Practice_15.10\Practice_15.10.csproj", "{BD9B34F6-5015-4DAD-911C-3C2EECF47297}"
EndProject
Project("{9A19103F-16F7-4668-BE54-9A1E7A4F7556}") = "Practice_15.11", "Practice_15.11\Practice_15.11.csproj", "{F05B4671-A482-4206-8DCE-62AF36FE135E}"
EndProject
Project("{9A19103F-16F7-4668-BE54-9A1E7A4F7556}") = "Practice_15.13", "Practice_15.13\Practice_15.13.csproj", "{8FB684D6-0CC2-46B1-93E6-34B44A0DD4E6}"
EndProject
Project("{9A19103F-16F7-4668-BE54-9A1E7A4F7556}") = "Practice_15.15", "Practice_15.15\Practice_15.15.csproj", "{58BEB46A-0F26-443D-8DD2-CFE0321F45BD}"
EndProject
Project("{9A19103F-16F7-4668-BE54-9A1E7A4F7556}") = "Practice_15.16", "Practice_15.16\Practice_15.16.csproj", "{92C2EAB6-1620-4F12-885A-199A7268FDC9}"
EndProject
Project("{9A19103F-16F7-4668-BE54-9A1E7A4F7556}") = "Practice_15.17", "Practice_15.17\Practice_15.17.csproj", "{FB182AF7-5447-4F51-91B6-B421DF2FFFBE}"
EndProject
Project("{9A19103F-16F7-4668-BE54-9A1E7A4F7556}") = "Practice_15.18", "Practice_15.18\Practice_15.18.csproj", "{53220902-8CA2-4BC7-B0EE-298751895B5D}"
EndProject
Project("{9A19103F-16F7-4668-BE54-9A1E7A4F7556}") = "Practice_15.19", "Practice_15.19\Practice_15.19.csproj", "{AE0104B8-A9B2-4509-9454-403F26DF6A2D}"
EndProject
Project("{9A19103F-16F7-4668-BE54-9A1E7A4F7556}") = "Practice_15.20", "Practice_15.20\Practice_15.20.csproj", "{97ADAA60-E5C2-40DE-8239-B592C6546844}"
EndProject
Project("{9A19103F-16F7-4668-BE54-9A1E7A4F7556}") = "Practice_15.21", "Practice_15.21\Practice_15.21.csproj", "{FEDD0627-0B81-4606-8C6B-3520D764321A}"
EndProject
Project("{9A19103F-16F7-4668-BE54-9A1E7A4F7556}") = "Practice_15.22", "Practice_15.22\Practice_15.22.csproj", "{8BAC4DEC-A6BB-46F9-9B89-EC8E5734F3DD}"
EndProject
Project("{9A19103F-16F7-4668-BE54-9A1E7A4F7556}") = "Practice_15.24", "Practice_15.24\Practice_15.24.csproj", "{564CF83C-402F-48A5-B90C-5C749BCC5CCF}"
EndProject
Project("{9A19103F-16F7-4668-BE54-9A1E7A4F7556}") = "Practice_6.1", "Practice_6.1\Practice_6.1.csproj", "{1C30B4E2-2EA6-4F0E-BF89-CE7C14DE5F16}"
EndProject
Project("{9A19103F-16F7-4668-BE54-9A1E7A4F7556}") = "Practice_Namespace", "Practice_Namespace\Practice_Namespace.csproj", "{0B674CE5-F54A-45E0-8333-980599BC0E58}"
EndProject
Project("{9A19103F-16F7-4668-BE54-9A1E7A4F7556}") = "Practice_ManagedUnmanagedResources", "Practice_ManagedUnmanagedResources\Practice_ManagedUnmanagedResources.csproj", "{79FDA5B0-3EFB-4298-A1A0-45ECD6CD4D2A}"
EndProject
Project("{9A19103F-16F7-4668-BE54-9A1E7A4F7556}") = "Practice_6.4", "Practice_6.4\Practice_6.4.csproj", "{524A976A-1F43-4F9F-BCBF-E5117DEB765B}"
EndProject
Project("{9A19103F-16F7-4668-BE54-9A1E7A4F7556}") = "Practice_Class", "Practice_Class\Practice_Class.csproj", "{6B874452-47B9-4093-A616-92857E8E7BC4}"
EndProject
Project("{9A19103F-16F7-4668-BE54-9A1E7A4F7556}") = "Practice_DateTime", "Practice_DateTime\Practice_DateTime.csproj", "{2E8FDBB4-E1CC-49A9-BAC0-46CB08DC3213}"
EndProject
Project("{9A19103F-16F7-4668-BE54-9A1E7A4F7556}") = "Practice_RefParameter", "Practice_RefParameter\Practice_RefParameter.csproj", "{580BE6BE-3766-4D8E-9614-2E576B3CFDA8}"
EndProject
Project("{9A19103F-16F7-4668-BE54-9A1E7A4F7556}") = "Practice_P&A", "Practice_P&A\Practice_P&A.csproj", "{9A9F9C5F-5D30-4631-8136-B6E9E0432D24}"
EndProject
Project("{9A19103F-16F7-4668-BE54-9A1E7A4F7556}") = "Practice_ReturnType", "Practice_ReturnType\Practice_ReturnType.csproj", "{D6D53BEB-AA61-49AE-906D-068836D93CE2}"
EndProject
Project("{9A19103F-16F7-4668-BE54-9A1E7A4F7556}") = "Practice_Parameter&Argument", "Practice_Parameter&Argument\Practice_Parameter&Argument.csproj", "{4F819BC6-48EE-4F75-83BC-2C0D048205E7}"
EndProject
Project("{9A19103F-16F7-4668-BE54-9A1E7A4F7556}") = "Practice_StaticModifier", "Practice_StaticModifier\Practice_StaticModifier.csproj", "{75D08101-8A69-49AC-973B-00A06FECC5D1}"
EndProject
Project("{9A19103F-16F7-4668-BE54-9A1E7A4F7556}") = "Practice_MethodOverload", "Practice_MethodOverload\Practice_MethodOverload.csproj", "{F5D1F14E-5E5F-49EA-A2EF-FF773F3EF037}"
EndProject
Project("{9A19103F-16F7-4668-BE54-9A1E7A4F7556}") = "Practice_Recursive", "Practice_Recursive\Practice_Recursive.csproj", "{38B1D8AB-451B-408C-A4D4-C72CD2EF2624}"
EndProject
Project("{9A19103F-16F7-4668-BE54-9A1E7A4F7556}") = "Practice_Property", "Practice_Property\Practice_Property.csproj", "{C4EFCB86-113B-4505-BB39-5A42A688D140}"
EndProject
Project("{9A19103F-16F7-4668-BE54-9A1E7A4F7556}") = "Practice_nameof", "Practice_nameof\Practice_nameof.csproj", "{87DC0955-34B9-452A-9FD6-C0552CEEA034}"
EndProject
Project("{9A19103F-16F7-4668-BE54-9A1E7A4F7556}") = "Practice_ReadOnlyProperty", "Practice_ReadOnlyProperty\Practice_ReadOnlyProperty.csproj", "{FEA39FC0-934F-4198-A66D-1F59D9E2103C}"
EndProject
Project("{9A19103F-16F7-4668-BE54-9A1E7A4F7556}") = "Practice_PropertyAcc", "Practice_PropertyAcc\Practice_PropertyAcc.csproj", "{3701638E-446A-47B5-AA1C-3AC41D781C74}"
EndProject
Project("{9A19103F-16F7-4668-BE54-9A1E7A4F7556}") = "Practice_BuildMethod", "Practice_BuildMethod\Practice_BuildMethod.csproj", "{05F2849E-35E3-4ED7-829C-DD24E6D35940}"
EndProject
Project("{9A19103F-16F7-4668-BE54-9A1E7A4F7556}") = "Practice_ConstructorOverloaded", "Practice_ConstructorOverloaded\Practice_ConstructorOverloaded.csproj", "{357F08F8-BFBE-471E-B96B-67CBC7B3DF4A}"
EndProject
Project("{9A19103F-16F7-4668-BE54-9A1E7A4F7556}") = "Practice_AccessModifier", "Practice_AccessModifier\Practice_AccessModifier.csproj", "{BE20CCEF-73B4-430C-BF4B-599DEDF2829C}"
EndProject
Project("{9A19103F-16F7-4668-BE54-9A1E7A4F7556}") = "Practice_ConstModifier", "Practice_ConstModifier\Practice_ConstModifier.csproj", "{64755DA8-2BF0-4D7B-A5DD-7E80DCB1CCE0}"
EndProject
Project("{9A19103F-16F7-4668-BE54-9A1E7A4F7556}") = "Practice_ReadonlyModifier", "Practice_ReadonlyModifier\Practice_ReadonlyModifier.csproj", "{3341DAA8-4B8B-46C9-8C49-2C802ACFDBF1}"
EndProject
Project("{9A19103F-16F7-4668-BE54-9A1E7A4F7556}") = "Practice_Multi-Inheritance", "Practice_Multi-Inheritance\Practice_Multi-Inheritance.csproj", "{F3C55A48-698E-4CE0-AFD2-D274B231771B}"
EndProject
Project("{9A19103F-16F7-4668-BE54-9A1E7A4F7556}") = "PracticeOOP_01", "PracticeOOP_01\PracticeOOP_01.csproj", "{34EA1A98-6C52-43BA-81EB-A94AD4A739EA}"
EndProject
Project("{9A19103F-16F7-4668-BE54-9A1E7A4F7556}") = "PracticeVirtualOverride", "PracticeVirtualOverride\PracticeVirtualOverride.csproj", "{EA1E1E50-C880-4706-8424-9E82FE9B0DF5}"
EndProject
Project("{9A19103F-16F7-4668-BE54-9A1E7A4F7556}") = "Practice_ThisBase", "Practice_ThisBase\Practice_ThisBase.csproj", "{23180E29-692E-4CDB-BBF1-C4CA65080788}"
EndProject
Project("{9A19103F-16F7-4668-BE54-9A1E7A4F7556}") = "PracticePolymorphism", "PracticePolymorphism\PracticePolymorphism.csproj", "{543D0392-A8FC-47E2-A7F0-8E8756C3CC0C}"
EndProject
Project("{9A19103F-16F7-4668-BE54-9A1E7A4F7556}") = "Practice_AbstractClass", "Practice_AbstractClass\Practice_AbstractClass.csproj", "{AB64063A-2861-45E5-8AD5-F469C27A2F3A}"
EndProject
Project("{9A19103F-16F7-4668-BE54-9A1E7A4F7556}") = "Practice_StaticClass", "Practice_StaticClass\Practice_StaticClass.csproj", "{86928FA8-EE22-4834-94D9-DAF73D893004}"
EndProject
Project("{9A19103F-16F7-4668-BE54-9A1E7A4F7556}") = "Practice_NestedClass", "Practice_NestedClass\Practice_NestedClass.csproj", "{5E09AD35-436F-472D-BD8B-3E776AE5BCBA}"
EndProject
Project("{9A19103F-16F7-4668-BE54-9A1E7A4F7556}") = "Practice_Partial", "Practice_Partial\Practice_Partial.csproj", "{0DE5F615-01F2-4D79-80AC-3B9141B5F2A5}"
EndProject
Project("{9A19103F-16F7-4668-BE54-9A1E7A4F7556}") = "Practice_IsOperator", "Practice_IsOperator\Practice_IsOperator.csproj", "{CE5FC890-3B19-4572-B71D-1925F120EE6E}"
EndProject
Project("{9A19103F-16F7-4668-BE54-9A1E7A4F7556}") = "Practice_Generic", "Practice_Generic\Practice_Generic.csproj", "{113757F8-1365-464D-8554-26C72A5B5395}"
EndProject
Project("{9A19103F-16F7-4668-BE54-9A1E7A4F7556}") = "Practice_Delegate", "Practice_Delegate\Practice_Delegate.csproj", "{717409E0-7240-4977-8D77-130032E07050}"
EndProject
Project("{9A19103F-16F7-4668-BE54-9A1E7A4F7556}") = "Practice_ExpressionTree", "Practice_ExpressionTree\Practice_ExpressionTree.csproj", "{4953D17C-66A7-4A51-AEB0-97C3FA4A33FE}"
EndProject
Project("{9A19103F-16F7-4668-BE54-9A1E7A4F7556}") = "Practice_Collections", "Practice_Collections\Practice_Collections.csproj", "{3AEE6C5E-5927-4AD8-AE57-89DBAEF240E0}"
EndProject
Project("{9A19103F-16F7-4668-BE54-9A1E7A4F7556}") = "Practice_ObjectRelationship", "Practice_ObjectRelationship\Practice_ObjectRelationship.csproj", "{0AF9D129-24FF-4069-8385-47DD57E5CE81}"
EndProject
Project("{9A19103F-16F7-4668-BE54-9A1E7A4F7556}") = "Practice_GenericList", "Practice_GenericList\Practice_GenericList.csproj", "{F1FDF2EF-D601-47E1-B019-E17F1055E48E}"
EndProject
Project("{9A19103F-16F7-4668-BE54-9A1E7A4F7556}") = "Practice_Enumerator", "Practice_Enumerator\Practice_Enumerator.csproj", "{337B0DBE-4555-410A-BAE7-8B589B08691C}"
EndProject
Project("{9A19103F-16F7-4668-BE54-9A1E7A4F7556}") = "Practice_Exists", "Practice_Exists\Practice_Exists.csproj", "{A1762B34-C115-4B00-BDE0-F390CD1992EB}"
EndProject
Project("{9A19103F-16F7-4668-BE54-9A1E7A4F7556}") = "Practice_Array", "Practice_Array\Practice_Array.csproj", "{30F5AA7B-5739-4651-97BE-E8B15510E09F}"
EndProject
Project("{9A19103F-16F7-4668-BE54-9A1E7A4F7556}") = "Practice_ObjectClass", "Practice_ObjectClass\Practice_ObjectClass.csproj", "{9391327D-692C-4B62-AB10-A12DFAE30AB2}"
EndProject
Project("{9A19103F-16F7-4668-BE54-9A1E7A4F7556}") = "Practice_Object", "Practice_Object\Practice_Object.csproj", "{E584C0CF-FC98-4D01-A776-39CE7DEB023A}"
EndProject
Project("{9A19103F-16F7-4668-BE54-9A1E7A4F7556}") = "Practice_Finalize", "Practice_Finalize\Practice_Finalize.csproj", "{05F35220-2FA2-4CD5-94D7-B680E4BD0E32}"
EndProject
Project("{FAE04EC0-301F-11D3-BF4B-00C04F79EFBC}") = "Practice_Tuple", "Practice_Tuple\Practice_Tuple.csproj", "{AB8A92C3-9E9C-43BB-AD9D-02D2D3373979}"
EndProject
Global
	GlobalSection(SolutionConfigurationPlatforms) = preSolution
		Debug|Any CPU = Debug|Any CPU
		Release|Any CPU = Release|Any CPU
	EndGlobalSection
	GlobalSection(ProjectConfigurationPlatforms) = postSolution
		{318A259B-AC57-482B-B502-B90F9B8BEBBD}.Debug|Any CPU.ActiveCfg = Debug|Any CPU
		{318A259B-AC57-482B-B502-B90F9B8BEBBD}.Debug|Any CPU.Build.0 = Debug|Any CPU
		{318A259B-AC57-482B-B502-B90F9B8BEBBD}.Release|Any CPU.ActiveCfg = Release|Any CPU
		{318A259B-AC57-482B-B502-B90F9B8BEBBD}.Release|Any CPU.Build.0 = Release|Any CPU
		{13D055A8-1E97-41DE-B795-87F57443995C}.Debug|Any CPU.ActiveCfg = Debug|Any CPU
		{13D055A8-1E97-41DE-B795-87F57443995C}.Debug|Any CPU.Build.0 = Debug|Any CPU
		{13D055A8-1E97-41DE-B795-87F57443995C}.Release|Any CPU.ActiveCfg = Release|Any CPU
		{13D055A8-1E97-41DE-B795-87F57443995C}.Release|Any CPU.Build.0 = Release|Any CPU
		{E568DC86-ED70-4BA2-BC36-26C85DB45949}.Debug|Any CPU.ActiveCfg = Debug|Any CPU
		{E568DC86-ED70-4BA2-BC36-26C85DB45949}.Debug|Any CPU.Build.0 = Debug|Any CPU
		{E568DC86-ED70-4BA2-BC36-26C85DB45949}.Release|Any CPU.ActiveCfg = Release|Any CPU
		{E568DC86-ED70-4BA2-BC36-26C85DB45949}.Release|Any CPU.Build.0 = Release|Any CPU
		{E01CF2BA-0809-484C-BBF0-1B206AA0C89A}.Debug|Any CPU.ActiveCfg = Debug|Any CPU
		{E01CF2BA-0809-484C-BBF0-1B206AA0C89A}.Debug|Any CPU.Build.0 = Debug|Any CPU
		{E01CF2BA-0809-484C-BBF0-1B206AA0C89A}.Release|Any CPU.ActiveCfg = Release|Any CPU
		{E01CF2BA-0809-484C-BBF0-1B206AA0C89A}.Release|Any CPU.Build.0 = Release|Any CPU
		{AFA685E6-7F59-4230-A4E5-4C15BF7D369A}.Debug|Any CPU.ActiveCfg = Debug|Any CPU
		{AFA685E6-7F59-4230-A4E5-4C15BF7D369A}.Debug|Any CPU.Build.0 = Debug|Any CPU
		{AFA685E6-7F59-4230-A4E5-4C15BF7D369A}.Release|Any CPU.ActiveCfg = Release|Any CPU
		{AFA685E6-7F59-4230-A4E5-4C15BF7D369A}.Release|Any CPU.Build.0 = Release|Any CPU
		{044F4AE6-86B2-4822-9C8F-ACE0EBD06BEE}.Debug|Any CPU.ActiveCfg = Debug|Any CPU
		{044F4AE6-86B2-4822-9C8F-ACE0EBD06BEE}.Debug|Any CPU.Build.0 = Debug|Any CPU
		{044F4AE6-86B2-4822-9C8F-ACE0EBD06BEE}.Release|Any CPU.ActiveCfg = Release|Any CPU
		{044F4AE6-86B2-4822-9C8F-ACE0EBD06BEE}.Release|Any CPU.Build.0 = Release|Any CPU
		{BD9B34F6-5015-4DAD-911C-3C2EECF47297}.Debug|Any CPU.ActiveCfg = Debug|Any CPU
		{BD9B34F6-5015-4DAD-911C-3C2EECF47297}.Debug|Any CPU.Build.0 = Debug|Any CPU
		{BD9B34F6-5015-4DAD-911C-3C2EECF47297}.Release|Any CPU.ActiveCfg = Release|Any CPU
		{BD9B34F6-5015-4DAD-911C-3C2EECF47297}.Release|Any CPU.Build.0 = Release|Any CPU
		{F05B4671-A482-4206-8DCE-62AF36FE135E}.Debug|Any CPU.ActiveCfg = Debug|Any CPU
		{F05B4671-A482-4206-8DCE-62AF36FE135E}.Debug|Any CPU.Build.0 = Debug|Any CPU
		{F05B4671-A482-4206-8DCE-62AF36FE135E}.Release|Any CPU.ActiveCfg = Release|Any CPU
		{F05B4671-A482-4206-8DCE-62AF36FE135E}.Release|Any CPU.Build.0 = Release|Any CPU
		{8FB684D6-0CC2-46B1-93E6-34B44A0DD4E6}.Debug|Any CPU.ActiveCfg = Debug|Any CPU
		{8FB684D6-0CC2-46B1-93E6-34B44A0DD4E6}.Debug|Any CPU.Build.0 = Debug|Any CPU
		{8FB684D6-0CC2-46B1-93E6-34B44A0DD4E6}.Release|Any CPU.ActiveCfg = Release|Any CPU
		{8FB684D6-0CC2-46B1-93E6-34B44A0DD4E6}.Release|Any CPU.Build.0 = Release|Any CPU
		{58BEB46A-0F26-443D-8DD2-CFE0321F45BD}.Debug|Any CPU.ActiveCfg = Debug|Any CPU
		{58BEB46A-0F26-443D-8DD2-CFE0321F45BD}.Debug|Any CPU.Build.0 = Debug|Any CPU
		{58BEB46A-0F26-443D-8DD2-CFE0321F45BD}.Release|Any CPU.ActiveCfg = Release|Any CPU
		{58BEB46A-0F26-443D-8DD2-CFE0321F45BD}.Release|Any CPU.Build.0 = Release|Any CPU
		{92C2EAB6-1620-4F12-885A-199A7268FDC9}.Debug|Any CPU.ActiveCfg = Debug|Any CPU
		{92C2EAB6-1620-4F12-885A-199A7268FDC9}.Debug|Any CPU.Build.0 = Debug|Any CPU
		{92C2EAB6-1620-4F12-885A-199A7268FDC9}.Release|Any CPU.ActiveCfg = Release|Any CPU
		{92C2EAB6-1620-4F12-885A-199A7268FDC9}.Release|Any CPU.Build.0 = Release|Any CPU
		{FB182AF7-5447-4F51-91B6-B421DF2FFFBE}.Debug|Any CPU.ActiveCfg = Debug|Any CPU
		{FB182AF7-5447-4F51-91B6-B421DF2FFFBE}.Debug|Any CPU.Build.0 = Debug|Any CPU
		{FB182AF7-5447-4F51-91B6-B421DF2FFFBE}.Release|Any CPU.ActiveCfg = Release|Any CPU
		{FB182AF7-5447-4F51-91B6-B421DF2FFFBE}.Release|Any CPU.Build.0 = Release|Any CPU
		{53220902-8CA2-4BC7-B0EE-298751895B5D}.Debug|Any CPU.ActiveCfg = Debug|Any CPU
		{53220902-8CA2-4BC7-B0EE-298751895B5D}.Debug|Any CPU.Build.0 = Debug|Any CPU
		{53220902-8CA2-4BC7-B0EE-298751895B5D}.Release|Any CPU.ActiveCfg = Release|Any CPU
		{53220902-8CA2-4BC7-B0EE-298751895B5D}.Release|Any CPU.Build.0 = Release|Any CPU
		{AE0104B8-A9B2-4509-9454-403F26DF6A2D}.Debug|Any CPU.ActiveCfg = Debug|Any CPU
		{AE0104B8-A9B2-4509-9454-403F26DF6A2D}.Debug|Any CPU.Build.0 = Debug|Any CPU
		{AE0104B8-A9B2-4509-9454-403F26DF6A2D}.Release|Any CPU.ActiveCfg = Release|Any CPU
		{AE0104B8-A9B2-4509-9454-403F26DF6A2D}.Release|Any CPU.Build.0 = Release|Any CPU
		{97ADAA60-E5C2-40DE-8239-B592C6546844}.Debug|Any CPU.ActiveCfg = Debug|Any CPU
		{97ADAA60-E5C2-40DE-8239-B592C6546844}.Debug|Any CPU.Build.0 = Debug|Any CPU
		{97ADAA60-E5C2-40DE-8239-B592C6546844}.Release|Any CPU.ActiveCfg = Release|Any CPU
		{97ADAA60-E5C2-40DE-8239-B592C6546844}.Release|Any CPU.Build.0 = Release|Any CPU
		{FEDD0627-0B81-4606-8C6B-3520D764321A}.Debug|Any CPU.ActiveCfg = Debug|Any CPU
		{FEDD0627-0B81-4606-8C6B-3520D764321A}.Debug|Any CPU.Build.0 = Debug|Any CPU
		{FEDD0627-0B81-4606-8C6B-3520D764321A}.Release|Any CPU.ActiveCfg = Release|Any CPU
		{FEDD0627-0B81-4606-8C6B-3520D764321A}.Release|Any CPU.Build.0 = Release|Any CPU
		{8BAC4DEC-A6BB-46F9-9B89-EC8E5734F3DD}.Debug|Any CPU.ActiveCfg = Debug|Any CPU
		{8BAC4DEC-A6BB-46F9-9B89-EC8E5734F3DD}.Debug|Any CPU.Build.0 = Debug|Any CPU
		{8BAC4DEC-A6BB-46F9-9B89-EC8E5734F3DD}.Release|Any CPU.ActiveCfg = Release|Any CPU
		{8BAC4DEC-A6BB-46F9-9B89-EC8E5734F3DD}.Release|Any CPU.Build.0 = Release|Any CPU
		{564CF83C-402F-48A5-B90C-5C749BCC5CCF}.Debug|Any CPU.ActiveCfg = Debug|Any CPU
		{564CF83C-402F-48A5-B90C-5C749BCC5CCF}.Debug|Any CPU.Build.0 = Debug|Any CPU
		{564CF83C-402F-48A5-B90C-5C749BCC5CCF}.Release|Any CPU.ActiveCfg = Release|Any CPU
		{564CF83C-402F-48A5-B90C-5C749BCC5CCF}.Release|Any CPU.Build.0 = Release|Any CPU
		{1C30B4E2-2EA6-4F0E-BF89-CE7C14DE5F16}.Debug|Any CPU.ActiveCfg = Debug|Any CPU
		{1C30B4E2-2EA6-4F0E-BF89-CE7C14DE5F16}.Debug|Any CPU.Build.0 = Debug|Any CPU
		{1C30B4E2-2EA6-4F0E-BF89-CE7C14DE5F16}.Release|Any CPU.ActiveCfg = Release|Any CPU
		{1C30B4E2-2EA6-4F0E-BF89-CE7C14DE5F16}.Release|Any CPU.Build.0 = Release|Any CPU
		{0B674CE5-F54A-45E0-8333-980599BC0E58}.Debug|Any CPU.ActiveCfg = Debug|Any CPU
		{0B674CE5-F54A-45E0-8333-980599BC0E58}.Debug|Any CPU.Build.0 = Debug|Any CPU
		{0B674CE5-F54A-45E0-8333-980599BC0E58}.Release|Any CPU.ActiveCfg = Release|Any CPU
		{0B674CE5-F54A-45E0-8333-980599BC0E58}.Release|Any CPU.Build.0 = Release|Any CPU
		{79FDA5B0-3EFB-4298-A1A0-45ECD6CD4D2A}.Debug|Any CPU.ActiveCfg = Debug|Any CPU
		{79FDA5B0-3EFB-4298-A1A0-45ECD6CD4D2A}.Debug|Any CPU.Build.0 = Debug|Any CPU
		{79FDA5B0-3EFB-4298-A1A0-45ECD6CD4D2A}.Release|Any CPU.ActiveCfg = Release|Any CPU
		{79FDA5B0-3EFB-4298-A1A0-45ECD6CD4D2A}.Release|Any CPU.Build.0 = Release|Any CPU
		{524A976A-1F43-4F9F-BCBF-E5117DEB765B}.Debug|Any CPU.ActiveCfg = Debug|Any CPU
		{524A976A-1F43-4F9F-BCBF-E5117DEB765B}.Debug|Any CPU.Build.0 = Debug|Any CPU
		{524A976A-1F43-4F9F-BCBF-E5117DEB765B}.Release|Any CPU.ActiveCfg = Release|Any CPU
		{524A976A-1F43-4F9F-BCBF-E5117DEB765B}.Release|Any CPU.Build.0 = Release|Any CPU
		{6B874452-47B9-4093-A616-92857E8E7BC4}.Debug|Any CPU.ActiveCfg = Debug|Any CPU
		{6B874452-47B9-4093-A616-92857E8E7BC4}.Debug|Any CPU.Build.0 = Debug|Any CPU
		{6B874452-47B9-4093-A616-92857E8E7BC4}.Release|Any CPU.ActiveCfg = Release|Any CPU
		{6B874452-47B9-4093-A616-92857E8E7BC4}.Release|Any CPU.Build.0 = Release|Any CPU
		{2E8FDBB4-E1CC-49A9-BAC0-46CB08DC3213}.Debug|Any CPU.ActiveCfg = Debug|Any CPU
		{2E8FDBB4-E1CC-49A9-BAC0-46CB08DC3213}.Debug|Any CPU.Build.0 = Debug|Any CPU
		{2E8FDBB4-E1CC-49A9-BAC0-46CB08DC3213}.Release|Any CPU.ActiveCfg = Release|Any CPU
		{2E8FDBB4-E1CC-49A9-BAC0-46CB08DC3213}.Release|Any CPU.Build.0 = Release|Any CPU
		{580BE6BE-3766-4D8E-9614-2E576B3CFDA8}.Debug|Any CPU.ActiveCfg = Debug|Any CPU
		{580BE6BE-3766-4D8E-9614-2E576B3CFDA8}.Debug|Any CPU.Build.0 = Debug|Any CPU
		{580BE6BE-3766-4D8E-9614-2E576B3CFDA8}.Release|Any CPU.ActiveCfg = Release|Any CPU
		{580BE6BE-3766-4D8E-9614-2E576B3CFDA8}.Release|Any CPU.Build.0 = Release|Any CPU
		{9A9F9C5F-5D30-4631-8136-B6E9E0432D24}.Debug|Any CPU.ActiveCfg = Debug|Any CPU
		{9A9F9C5F-5D30-4631-8136-B6E9E0432D24}.Debug|Any CPU.Build.0 = Debug|Any CPU
		{9A9F9C5F-5D30-4631-8136-B6E9E0432D24}.Release|Any CPU.ActiveCfg = Release|Any CPU
		{9A9F9C5F-5D30-4631-8136-B6E9E0432D24}.Release|Any CPU.Build.0 = Release|Any CPU
		{D6D53BEB-AA61-49AE-906D-068836D93CE2}.Debug|Any CPU.ActiveCfg = Debug|Any CPU
		{D6D53BEB-AA61-49AE-906D-068836D93CE2}.Debug|Any CPU.Build.0 = Debug|Any CPU
		{D6D53BEB-AA61-49AE-906D-068836D93CE2}.Release|Any CPU.ActiveCfg = Release|Any CPU
		{D6D53BEB-AA61-49AE-906D-068836D93CE2}.Release|Any CPU.Build.0 = Release|Any CPU
		{4F819BC6-48EE-4F75-83BC-2C0D048205E7}.Debug|Any CPU.ActiveCfg = Debug|Any CPU
		{4F819BC6-48EE-4F75-83BC-2C0D048205E7}.Debug|Any CPU.Build.0 = Debug|Any CPU
		{4F819BC6-48EE-4F75-83BC-2C0D048205E7}.Release|Any CPU.ActiveCfg = Release|Any CPU
		{4F819BC6-48EE-4F75-83BC-2C0D048205E7}.Release|Any CPU.Build.0 = Release|Any CPU
		{75D08101-8A69-49AC-973B-00A06FECC5D1}.Debug|Any CPU.ActiveCfg = Debug|Any CPU
		{75D08101-8A69-49AC-973B-00A06FECC5D1}.Debug|Any CPU.Build.0 = Debug|Any CPU
		{75D08101-8A69-49AC-973B-00A06FECC5D1}.Release|Any CPU.ActiveCfg = Release|Any CPU
		{75D08101-8A69-49AC-973B-00A06FECC5D1}.Release|Any CPU.Build.0 = Release|Any CPU
		{F5D1F14E-5E5F-49EA-A2EF-FF773F3EF037}.Debug|Any CPU.ActiveCfg = Debug|Any CPU
		{F5D1F14E-5E5F-49EA-A2EF-FF773F3EF037}.Debug|Any CPU.Build.0 = Debug|Any CPU
		{F5D1F14E-5E5F-49EA-A2EF-FF773F3EF037}.Release|Any CPU.ActiveCfg = Release|Any CPU
		{F5D1F14E-5E5F-49EA-A2EF-FF773F3EF037}.Release|Any CPU.Build.0 = Release|Any CPU
		{38B1D8AB-451B-408C-A4D4-C72CD2EF2624}.Debug|Any CPU.ActiveCfg = Debug|Any CPU
		{38B1D8AB-451B-408C-A4D4-C72CD2EF2624}.Debug|Any CPU.Build.0 = Debug|Any CPU
		{38B1D8AB-451B-408C-A4D4-C72CD2EF2624}.Release|Any CPU.ActiveCfg = Release|Any CPU
		{38B1D8AB-451B-408C-A4D4-C72CD2EF2624}.Release|Any CPU.Build.0 = Release|Any CPU
		{C4EFCB86-113B-4505-BB39-5A42A688D140}.Debug|Any CPU.ActiveCfg = Debug|Any CPU
		{C4EFCB86-113B-4505-BB39-5A42A688D140}.Debug|Any CPU.Build.0 = Debug|Any CPU
		{C4EFCB86-113B-4505-BB39-5A42A688D140}.Release|Any CPU.ActiveCfg = Release|Any CPU
		{C4EFCB86-113B-4505-BB39-5A42A688D140}.Release|Any CPU.Build.0 = Release|Any CPU
		{87DC0955-34B9-452A-9FD6-C0552CEEA034}.Debug|Any CPU.ActiveCfg = Debug|Any CPU
		{87DC0955-34B9-452A-9FD6-C0552CEEA034}.Debug|Any CPU.Build.0 = Debug|Any CPU
		{87DC0955-34B9-452A-9FD6-C0552CEEA034}.Release|Any CPU.ActiveCfg = Release|Any CPU
		{87DC0955-34B9-452A-9FD6-C0552CEEA034}.Release|Any CPU.Build.0 = Release|Any CPU
		{FEA39FC0-934F-4198-A66D-1F59D9E2103C}.Debug|Any CPU.ActiveCfg = Debug|Any CPU
		{FEA39FC0-934F-4198-A66D-1F59D9E2103C}.Debug|Any CPU.Build.0 = Debug|Any CPU
		{FEA39FC0-934F-4198-A66D-1F59D9E2103C}.Release|Any CPU.ActiveCfg = Release|Any CPU
		{FEA39FC0-934F-4198-A66D-1F59D9E2103C}.Release|Any CPU.Build.0 = Release|Any CPU
		{3701638E-446A-47B5-AA1C-3AC41D781C74}.Debug|Any CPU.ActiveCfg = Debug|Any CPU
		{3701638E-446A-47B5-AA1C-3AC41D781C74}.Debug|Any CPU.Build.0 = Debug|Any CPU
		{3701638E-446A-47B5-AA1C-3AC41D781C74}.Release|Any CPU.ActiveCfg = Release|Any CPU
		{3701638E-446A-47B5-AA1C-3AC41D781C74}.Release|Any CPU.Build.0 = Release|Any CPU
		{05F2849E-35E3-4ED7-829C-DD24E6D35940}.Debug|Any CPU.ActiveCfg = Debug|Any CPU
		{05F2849E-35E3-4ED7-829C-DD24E6D35940}.Debug|Any CPU.Build.0 = Debug|Any CPU
		{05F2849E-35E3-4ED7-829C-DD24E6D35940}.Release|Any CPU.ActiveCfg = Release|Any CPU
		{05F2849E-35E3-4ED7-829C-DD24E6D35940}.Release|Any CPU.Build.0 = Release|Any CPU
		{357F08F8-BFBE-471E-B96B-67CBC7B3DF4A}.Debug|Any CPU.ActiveCfg = Debug|Any CPU
		{357F08F8-BFBE-471E-B96B-67CBC7B3DF4A}.Debug|Any CPU.Build.0 = Debug|Any CPU
		{357F08F8-BFBE-471E-B96B-67CBC7B3DF4A}.Release|Any CPU.ActiveCfg = Release|Any CPU
		{357F08F8-BFBE-471E-B96B-67CBC7B3DF4A}.Release|Any CPU.Build.0 = Release|Any CPU
		{BE20CCEF-73B4-430C-BF4B-599DEDF2829C}.Debug|Any CPU.ActiveCfg = Debug|Any CPU
		{BE20CCEF-73B4-430C-BF4B-599DEDF2829C}.Debug|Any CPU.Build.0 = Debug|Any CPU
		{BE20CCEF-73B4-430C-BF4B-599DEDF2829C}.Release|Any CPU.ActiveCfg = Release|Any CPU
		{BE20CCEF-73B4-430C-BF4B-599DEDF2829C}.Release|Any CPU.Build.0 = Release|Any CPU
		{64755DA8-2BF0-4D7B-A5DD-7E80DCB1CCE0}.Debug|Any CPU.ActiveCfg = Debug|Any CPU
		{64755DA8-2BF0-4D7B-A5DD-7E80DCB1CCE0}.Debug|Any CPU.Build.0 = Debug|Any CPU
		{64755DA8-2BF0-4D7B-A5DD-7E80DCB1CCE0}.Release|Any CPU.ActiveCfg = Release|Any CPU
		{64755DA8-2BF0-4D7B-A5DD-7E80DCB1CCE0}.Release|Any CPU.Build.0 = Release|Any CPU
		{3341DAA8-4B8B-46C9-8C49-2C802ACFDBF1}.Debug|Any CPU.ActiveCfg = Debug|Any CPU
		{3341DAA8-4B8B-46C9-8C49-2C802ACFDBF1}.Debug|Any CPU.Build.0 = Debug|Any CPU
		{3341DAA8-4B8B-46C9-8C49-2C802ACFDBF1}.Release|Any CPU.ActiveCfg = Release|Any CPU
		{3341DAA8-4B8B-46C9-8C49-2C802ACFDBF1}.Release|Any CPU.Build.0 = Release|Any CPU
		{F3C55A48-698E-4CE0-AFD2-D274B231771B}.Debug|Any CPU.ActiveCfg = Debug|Any CPU
		{F3C55A48-698E-4CE0-AFD2-D274B231771B}.Debug|Any CPU.Build.0 = Debug|Any CPU
		{F3C55A48-698E-4CE0-AFD2-D274B231771B}.Release|Any CPU.ActiveCfg = Release|Any CPU
		{F3C55A48-698E-4CE0-AFD2-D274B231771B}.Release|Any CPU.Build.0 = Release|Any CPU
		{34EA1A98-6C52-43BA-81EB-A94AD4A739EA}.Debug|Any CPU.ActiveCfg = Debug|Any CPU
		{34EA1A98-6C52-43BA-81EB-A94AD4A739EA}.Debug|Any CPU.Build.0 = Debug|Any CPU
		{34EA1A98-6C52-43BA-81EB-A94AD4A739EA}.Release|Any CPU.ActiveCfg = Release|Any CPU
		{34EA1A98-6C52-43BA-81EB-A94AD4A739EA}.Release|Any CPU.Build.0 = Release|Any CPU
		{EA1E1E50-C880-4706-8424-9E82FE9B0DF5}.Debug|Any CPU.ActiveCfg = Debug|Any CPU
		{EA1E1E50-C880-4706-8424-9E82FE9B0DF5}.Debug|Any CPU.Build.0 = Debug|Any CPU
		{EA1E1E50-C880-4706-8424-9E82FE9B0DF5}.Release|Any CPU.ActiveCfg = Release|Any CPU
		{EA1E1E50-C880-4706-8424-9E82FE9B0DF5}.Release|Any CPU.Build.0 = Release|Any CPU
		{23180E29-692E-4CDB-BBF1-C4CA65080788}.Debug|Any CPU.ActiveCfg = Debug|Any CPU
		{23180E29-692E-4CDB-BBF1-C4CA65080788}.Debug|Any CPU.Build.0 = Debug|Any CPU
		{23180E29-692E-4CDB-BBF1-C4CA65080788}.Release|Any CPU.ActiveCfg = Release|Any CPU
		{23180E29-692E-4CDB-BBF1-C4CA65080788}.Release|Any CPU.Build.0 = Release|Any CPU
		{543D0392-A8FC-47E2-A7F0-8E8756C3CC0C}.Debug|Any CPU.ActiveCfg = Debug|Any CPU
		{543D0392-A8FC-47E2-A7F0-8E8756C3CC0C}.Debug|Any CPU.Build.0 = Debug|Any CPU
		{543D0392-A8FC-47E2-A7F0-8E8756C3CC0C}.Release|Any CPU.ActiveCfg = Release|Any CPU
		{543D0392-A8FC-47E2-A7F0-8E8756C3CC0C}.Release|Any CPU.Build.0 = Release|Any CPU
		{AB64063A-2861-45E5-8AD5-F469C27A2F3A}.Debug|Any CPU.ActiveCfg = Debug|Any CPU
		{AB64063A-2861-45E5-8AD5-F469C27A2F3A}.Debug|Any CPU.Build.0 = Debug|Any CPU
		{AB64063A-2861-45E5-8AD5-F469C27A2F3A}.Release|Any CPU.ActiveCfg = Release|Any CPU
		{AB64063A-2861-45E5-8AD5-F469C27A2F3A}.Release|Any CPU.Build.0 = Release|Any CPU
		{86928FA8-EE22-4834-94D9-DAF73D893004}.Debug|Any CPU.ActiveCfg = Debug|Any CPU
		{86928FA8-EE22-4834-94D9-DAF73D893004}.Debug|Any CPU.Build.0 = Debug|Any CPU
		{86928FA8-EE22-4834-94D9-DAF73D893004}.Release|Any CPU.ActiveCfg = Release|Any CPU
		{86928FA8-EE22-4834-94D9-DAF73D893004}.Release|Any CPU.Build.0 = Release|Any CPU
		{5E09AD35-436F-472D-BD8B-3E776AE5BCBA}.Debug|Any CPU.ActiveCfg = Debug|Any CPU
		{5E09AD35-436F-472D-BD8B-3E776AE5BCBA}.Debug|Any CPU.Build.0 = Debug|Any CPU
		{5E09AD35-436F-472D-BD8B-3E776AE5BCBA}.Release|Any CPU.ActiveCfg = Release|Any CPU
		{5E09AD35-436F-472D-BD8B-3E776AE5BCBA}.Release|Any CPU.Build.0 = Release|Any CPU
		{0DE5F615-01F2-4D79-80AC-3B9141B5F2A5}.Debug|Any CPU.ActiveCfg = Debug|Any CPU
		{0DE5F615-01F2-4D79-80AC-3B9141B5F2A5}.Debug|Any CPU.Build.0 = Debug|Any CPU
		{0DE5F615-01F2-4D79-80AC-3B9141B5F2A5}.Release|Any CPU.ActiveCfg = Release|Any CPU
		{0DE5F615-01F2-4D79-80AC-3B9141B5F2A5}.Release|Any CPU.Build.0 = Release|Any CPU
		{CE5FC890-3B19-4572-B71D-1925F120EE6E}.Debug|Any CPU.ActiveCfg = Debug|Any CPU
		{CE5FC890-3B19-4572-B71D-1925F120EE6E}.Debug|Any CPU.Build.0 = Debug|Any CPU
		{CE5FC890-3B19-4572-B71D-1925F120EE6E}.Release|Any CPU.ActiveCfg = Release|Any CPU
		{CE5FC890-3B19-4572-B71D-1925F120EE6E}.Release|Any CPU.Build.0 = Release|Any CPU
		{113757F8-1365-464D-8554-26C72A5B5395}.Debug|Any CPU.ActiveCfg = Debug|Any CPU
		{113757F8-1365-464D-8554-26C72A5B5395}.Debug|Any CPU.Build.0 = Debug|Any CPU
		{113757F8-1365-464D-8554-26C72A5B5395}.Release|Any CPU.ActiveCfg = Release|Any CPU
		{113757F8-1365-464D-8554-26C72A5B5395}.Release|Any CPU.Build.0 = Release|Any CPU
		{717409E0-7240-4977-8D77-130032E07050}.Debug|Any CPU.ActiveCfg = Debug|Any CPU
		{717409E0-7240-4977-8D77-130032E07050}.Debug|Any CPU.Build.0 = Debug|Any CPU
		{717409E0-7240-4977-8D77-130032E07050}.Release|Any CPU.ActiveCfg = Release|Any CPU
		{717409E0-7240-4977-8D77-130032E07050}.Release|Any CPU.Build.0 = Release|Any CPU
		{4953D17C-66A7-4A51-AEB0-97C3FA4A33FE}.Debug|Any CPU.ActiveCfg = Debug|Any CPU
		{4953D17C-66A7-4A51-AEB0-97C3FA4A33FE}.Debug|Any CPU.Build.0 = Debug|Any CPU
		{4953D17C-66A7-4A51-AEB0-97C3FA4A33FE}.Release|Any CPU.ActiveCfg = Release|Any CPU
		{4953D17C-66A7-4A51-AEB0-97C3FA4A33FE}.Release|Any CPU.Build.0 = Release|Any CPU
		{3AEE6C5E-5927-4AD8-AE57-89DBAEF240E0}.Debug|Any CPU.ActiveCfg = Debug|Any CPU
		{3AEE6C5E-5927-4AD8-AE57-89DBAEF240E0}.Debug|Any CPU.Build.0 = Debug|Any CPU
		{3AEE6C5E-5927-4AD8-AE57-89DBAEF240E0}.Release|Any CPU.ActiveCfg = Release|Any CPU
		{3AEE6C5E-5927-4AD8-AE57-89DBAEF240E0}.Release|Any CPU.Build.0 = Release|Any CPU
		{0AF9D129-24FF-4069-8385-47DD57E5CE81}.Debug|Any CPU.ActiveCfg = Debug|Any CPU
		{0AF9D129-24FF-4069-8385-47DD57E5CE81}.Debug|Any CPU.Build.0 = Debug|Any CPU
		{0AF9D129-24FF-4069-8385-47DD57E5CE81}.Release|Any CPU.ActiveCfg = Release|Any CPU
		{0AF9D129-24FF-4069-8385-47DD57E5CE81}.Release|Any CPU.Build.0 = Release|Any CPU
		{F1FDF2EF-D601-47E1-B019-E17F1055E48E}.Debug|Any CPU.ActiveCfg = Debug|Any CPU
		{F1FDF2EF-D601-47E1-B019-E17F1055E48E}.Debug|Any CPU.Build.0 = Debug|Any CPU
		{F1FDF2EF-D601-47E1-B019-E17F1055E48E}.Release|Any CPU.ActiveCfg = Release|Any CPU
		{F1FDF2EF-D601-47E1-B019-E17F1055E48E}.Release|Any CPU.Build.0 = Release|Any CPU
		{337B0DBE-4555-410A-BAE7-8B589B08691C}.Debug|Any CPU.ActiveCfg = Debug|Any CPU
		{337B0DBE-4555-410A-BAE7-8B589B08691C}.Debug|Any CPU.Build.0 = Debug|Any CPU
		{337B0DBE-4555-410A-BAE7-8B589B08691C}.Release|Any CPU.ActiveCfg = Release|Any CPU
		{337B0DBE-4555-410A-BAE7-8B589B08691C}.Release|Any CPU.Build.0 = Release|Any CPU
		{A1762B34-C115-4B00-BDE0-F390CD1992EB}.Debug|Any CPU.ActiveCfg = Debug|Any CPU
		{A1762B34-C115-4B00-BDE0-F390CD1992EB}.Debug|Any CPU.Build.0 = Debug|Any CPU
		{A1762B34-C115-4B00-BDE0-F390CD1992EB}.Release|Any CPU.ActiveCfg = Release|Any CPU
		{A1762B34-C115-4B00-BDE0-F390CD1992EB}.Release|Any CPU.Build.0 = Release|Any CPU
		{30F5AA7B-5739-4651-97BE-E8B15510E09F}.Debug|Any CPU.ActiveCfg = Debug|Any CPU
		{30F5AA7B-5739-4651-97BE-E8B15510E09F}.Debug|Any CPU.Build.0 = Debug|Any CPU
		{30F5AA7B-5739-4651-97BE-E8B15510E09F}.Release|Any CPU.ActiveCfg = Release|Any CPU
		{30F5AA7B-5739-4651-97BE-E8B15510E09F}.Release|Any CPU.Build.0 = Release|Any CPU
		{9391327D-692C-4B62-AB10-A12DFAE30AB2}.Debug|Any CPU.ActiveCfg = Debug|Any CPU
		{9391327D-692C-4B62-AB10-A12DFAE30AB2}.Debug|Any CPU.Build.0 = Debug|Any CPU
		{9391327D-692C-4B62-AB10-A12DFAE30AB2}.Release|Any CPU.ActiveCfg = Release|Any CPU
		{9391327D-692C-4B62-AB10-A12DFAE30AB2}.Release|Any CPU.Build.0 = Release|Any CPU
		{E584C0CF-FC98-4D01-A776-39CE7DEB023A}.Debug|Any CPU.ActiveCfg = Debug|Any CPU
		{E584C0CF-FC98-4D01-A776-39CE7DEB023A}.Debug|Any CPU.Build.0 = Debug|Any CPU
		{E584C0CF-FC98-4D01-A776-39CE7DEB023A}.Release|Any CPU.ActiveCfg = Release|Any CPU
		{E584C0CF-FC98-4D01-A776-39CE7DEB023A}.Release|Any CPU.Build.0 = Release|Any CPU
		{05F35220-2FA2-4CD5-94D7-B680E4BD0E32}.Debug|Any CPU.ActiveCfg = Debug|Any CPU
		{05F35220-2FA2-4CD5-94D7-B680E4BD0E32}.Debug|Any CPU.Build.0 = Debug|Any CPU
		{05F35220-2FA2-4CD5-94D7-B680E4BD0E32}.Release|Any CPU.ActiveCfg = Release|Any CPU
		{05F35220-2FA2-4CD5-94D7-B680E4BD0E32}.Release|Any CPU.Build.0 = Release|Any CPU
		{AB8A92C3-9E9C-43BB-AD9D-02D2D3373979}.Debug|Any CPU.ActiveCfg = Debug|Any CPU
		{AB8A92C3-9E9C-43BB-AD9D-02D2D3373979}.Debug|Any CPU.Build.0 = Debug|Any CPU
		{AB8A92C3-9E9C-43BB-AD9D-02D2D3373979}.Release|Any CPU.ActiveCfg = Release|Any CPU
		{AB8A92C3-9E9C-43BB-AD9D-02D2D3373979}.Release|Any CPU.Build.0 = Release|Any CPU
	EndGlobalSection
	GlobalSection(SolutionProperties) = preSolution
		HideSolutionNode = FALSE
	EndGlobalSection
	GlobalSection(ExtensibilityGlobals) = postSolution
		SolutionGuid = {1359B680-68F9-477D-B129-79B3743809A6}
	EndGlobalSection
EndGlobal
