
Microsoft Visual Studio Solution File, Format Version 12.00
# Visual Studio Version 17
VisualStudioVersion = 17.6.33829.357
MinimumVisualStudioVersion = 10.0.40219.1
Project("{FAE04EC0-301F-11D3-BF4B-00C04F79EFBC}") = "Practice_15.1", "Practice_15.1\Practice_15.1.csproj", "{318A259B-AC57-482B-B502-B90F9B8BEBBD}"
EndProject
Global
	GlobalSection(SolutionConfigurationPlatforms) = preSolution
		Debug|Any CPU = Debug|Any CPU
		Release|Any CPU = Release|Any CPU
	EndGlobalSection
	GlobalSection(ProjectConfigurationPlatforms) = postSolution
		{318A259B-AC57-482B-B502-B90F9B8BEBBD}.Debug|Any CPU.ActiveCfg = Debug|Any CPU
		{318A259B-AC57-482B-B502-B90F9B8BEBBD}.Debug|Any CPU.Build.0 = Debug|Any CPU
		{318A259B-AC57-482B-B502-B90F9B8BEBBD}.Release|Any CPU.ActiveCfg = Release|Any CPU
		{318A259B-AC57-482B-B502-B90F9B8BEBBD}.Release|Any CPU.Build.0 = Release|Any CPU
	EndGlobalSection
	GlobalSection(SolutionProperties) = preSolution
		HideSolutionNode = FALSE
	EndGlobalSection
	GlobalSection(ExtensibilityGlobals) = postSolution
		SolutionGuid = {1359B680-68F9-477D-B129-79B3743809A6}
	EndGlobalSection
EndGlobal
